
Microsoft Visual Studio Solution File, Format Version 12.00
# Visual Studio 14
VisualStudioVersion = 14.0.25420.1
MinimumVisualStudioVersion = 10.0.40219.1
Project("{FAE04EC0-301F-11D3-BF4B-00C04F79EFBC}") = "Sagaceco.ServerLog", "Sagaceco.ServerLog\Sagaceco.ServerLog.csproj", "{B2CC25FF-352F-4B31-9EB3-FC8CBF64A763}"
EndProject
Project("{888888A0-9F3D-457C-B088-3A5042F75D52}") = "Sagacipy", "Sagacipy\Sagacipy.pyproj", "{F09D781D-1723-4932-8B22-6A9B402545EC}"
EndProject
Global
	GlobalSection(SolutionConfigurationPlatforms) = preSolution
		Debug|Any CPU = Debug|Any CPU
		Release|Any CPU = Release|Any CPU
	EndGlobalSection
	GlobalSection(ProjectConfigurationPlatforms) = postSolution
		{B2CC25FF-352F-4B31-9EB3-FC8CBF64A763}.Debug|Any CPU.ActiveCfg = Debug|Any CPU
		{B2CC25FF-352F-4B31-9EB3-FC8CBF64A763}.Debug|Any CPU.Build.0 = Debug|Any CPU
		{B2CC25FF-352F-4B31-9EB3-FC8CBF64A763}.Release|Any CPU.ActiveCfg = Release|Any CPU
		{B2CC25FF-352F-4B31-9EB3-FC8CBF64A763}.Release|Any CPU.Build.0 = Release|Any CPU
		{F09D781D-1723-4932-8B22-6A9B402545EC}.Debug|Any CPU.ActiveCfg = Debug|Any CPU
		{F09D781D-1723-4932-8B22-6A9B402545EC}.Release|Any CPU.ActiveCfg = Release|Any CPU
	EndGlobalSection
	GlobalSection(SolutionProperties) = preSolution
		HideSolutionNode = FALSE
	EndGlobalSection
EndGlobal
