
Microsoft Visual Studio Solution File, Format Version 12.00
# Visual Studio 14
VisualStudioVersion = 14.0.25420.1
MinimumVisualStudioVersion = 10.0.40219.1
Project("{FAE04EC0-301F-11D3-BF4B-00C04F79EFBC}") = "Sagaceco.ServerLog", "Sagaceco.ServerLog\Sagaceco.ServerLog.csproj", "{B2CC25FF-352F-4B31-9EB3-FC8CBF64A763}"
EndProject
Project("{888888A0-9F3D-457C-B088-3A5042F75D52}") = "Sagacipy", "Sagacipy\Sagacipy.pyproj", "{F09D781D-1723-4932-8B22-6A9B402545EC}"
EndProject
Project("{FAE04EC0-301F-11D3-BF4B-00C04F79EFBC}") = "Sagaceco.TimeSeries", "Sagaceco.TimeSeries\Sagaceco.TimeSeries.csproj", "{622477A8-446B-4002-8721-ECFBD2595618}"
EndProject
Project("{FAE04EC0-301F-11D3-BF4B-00C04F79EFBC}") = "Sagaceco.Blog", "Sagaceco.Blog\Sagaceco.Blog.csproj", "{C199AB83-2F0C-4CCC-AB63-61AA3DB2F8EA}"
EndProject
Project("{FAE04EC0-301F-11D3-BF4B-00C04F79EFBC}") = "Sagaceco.UKAccidents", "Sagaceco.UKAccidents\Sagaceco.UKAccidents.csproj", "{82D18FBC-57FE-41E0-99ED-E6E065052747}"
EndProject
Global
	GlobalSection(SolutionConfigurationPlatforms) = preSolution
		Debug|Any CPU = Debug|Any CPU
		Release|Any CPU = Release|Any CPU
	EndGlobalSection
	GlobalSection(ProjectConfigurationPlatforms) = postSolution
		{B2CC25FF-352F-4B31-9EB3-FC8CBF64A763}.Debug|Any CPU.ActiveCfg = Debug|Any CPU
		{B2CC25FF-352F-4B31-9EB3-FC8CBF64A763}.Debug|Any CPU.Build.0 = Debug|Any CPU
		{B2CC25FF-352F-4B31-9EB3-FC8CBF64A763}.Release|Any CPU.ActiveCfg = Release|Any CPU
		{B2CC25FF-352F-4B31-9EB3-FC8CBF64A763}.Release|Any CPU.Build.0 = Release|Any CPU
		{F09D781D-1723-4932-8B22-6A9B402545EC}.Debug|Any CPU.ActiveCfg = Debug|Any CPU
		{F09D781D-1723-4932-8B22-6A9B402545EC}.Release|Any CPU.ActiveCfg = Release|Any CPU
		{622477A8-446B-4002-8721-ECFBD2595618}.Debug|Any CPU.ActiveCfg = Debug|Any CPU
		{622477A8-446B-4002-8721-ECFBD2595618}.Debug|Any CPU.Build.0 = Debug|Any CPU
		{622477A8-446B-4002-8721-ECFBD2595618}.Release|Any CPU.ActiveCfg = Release|Any CPU
		{622477A8-446B-4002-8721-ECFBD2595618}.Release|Any CPU.Build.0 = Release|Any CPU
		{C199AB83-2F0C-4CCC-AB63-61AA3DB2F8EA}.Debug|Any CPU.ActiveCfg = Debug|Any CPU
		{C199AB83-2F0C-4CCC-AB63-61AA3DB2F8EA}.Debug|Any CPU.Build.0 = Debug|Any CPU
		{C199AB83-2F0C-4CCC-AB63-61AA3DB2F8EA}.Release|Any CPU.ActiveCfg = Release|Any CPU
		{C199AB83-2F0C-4CCC-AB63-61AA3DB2F8EA}.Release|Any CPU.Build.0 = Release|Any CPU
		{82D18FBC-57FE-41E0-99ED-E6E065052747}.Debug|Any CPU.ActiveCfg = Debug|Any CPU
		{82D18FBC-57FE-41E0-99ED-E6E065052747}.Debug|Any CPU.Build.0 = Debug|Any CPU
		{82D18FBC-57FE-41E0-99ED-E6E065052747}.Release|Any CPU.ActiveCfg = Release|Any CPU
		{82D18FBC-57FE-41E0-99ED-E6E065052747}.Release|Any CPU.Build.0 = Release|Any CPU
	EndGlobalSection
	GlobalSection(SolutionProperties) = preSolution
		HideSolutionNode = FALSE
	EndGlobalSection
EndGlobal
